// !$*UTF8*$!
{
	archiveVersion = 1;
	classes = {
	};
	objectVersion = 46;
	objects = {

/* Begin PBXBuildFile section */
		02186A3D1984E5C800865977 /* Foundation.framework in Frameworks */ = {isa = PBXBuildFile; fileRef = 02186A3C1984E5C800865977 /* Foundation.framework */; };
		02186A3F1984E5C800865977 /* CoreGraphics.framework in Frameworks */ = {isa = PBXBuildFile; fileRef = 02186A3E1984E5C800865977 /* CoreGraphics.framework */; };
		02186A411984E5C800865977 /* UIKit.framework in Frameworks */ = {isa = PBXBuildFile; fileRef = 02186A401984E5C800865977 /* UIKit.framework */; };
		02186A431984E5C800865977 /* SpriteKit.framework in Frameworks */ = {isa = PBXBuildFile; fileRef = 02186A421984E5C800865977 /* SpriteKit.framework */; };
		02186A491984E5C800865977 /* InfoPlist.strings in Resources */ = {isa = PBXBuildFile; fileRef = 02186A471984E5C800865977 /* InfoPlist.strings */; };
		02186A4B1984E5C800865977 /* main.m in Sources */ = {isa = PBXBuildFile; fileRef = 02186A4A1984E5C800865977 /* main.m */; };
		02186A4F1984E5C800865977 /* PTHYAppDelegate.m in Sources */ = {isa = PBXBuildFile; fileRef = 02186A4E1984E5C800865977 /* PTHYAppDelegate.m */; };
		02186A521984E5C800865977 /* Main.storyboard in Resources */ = {isa = PBXBuildFile; fileRef = 02186A501984E5C800865977 /* Main.storyboard */; };
		02186A551984E5C800865977 /* PTHYViewController.m in Sources */ = {isa = PBXBuildFile; fileRef = 02186A541984E5C800865977 /* PTHYViewController.m */; };
		02186A5C1984E5C800865977 /* Images.xcassets in Resources */ = {isa = PBXBuildFile; fileRef = 02186A5B1984E5C800865977 /* Images.xcassets */; };
		02186A631984E5C800865977 /* XCTest.framework in Frameworks */ = {isa = PBXBuildFile; fileRef = 02186A621984E5C800865977 /* XCTest.framework */; };
		02186A641984E5C800865977 /* Foundation.framework in Frameworks */ = {isa = PBXBuildFile; fileRef = 02186A3C1984E5C800865977 /* Foundation.framework */; };
		02186A651984E5C800865977 /* UIKit.framework in Frameworks */ = {isa = PBXBuildFile; fileRef = 02186A401984E5C800865977 /* UIKit.framework */; };
		02186A6D1984E5C800865977 /* InfoPlist.strings in Resources */ = {isa = PBXBuildFile; fileRef = 02186A6B1984E5C800865977 /* InfoPlist.strings */; };
		02186A6F1984E5C800865977 /* Space_CatTests.m in Sources */ = {isa = PBXBuildFile; fileRef = 02186A6E1984E5C800865977 /* Space_CatTests.m */; };
		02186A7A1984F7CF00865977 /* PTHYTitleScene.m in Sources */ = {isa = PBXBuildFile; fileRef = 02186A791984F7CF00865977 /* PTHYTitleScene.m */; };
		02186A7D1985039D00865977 /* PTHYGameplayScene.m in Sources */ = {isa = PBXBuildFile; fileRef = 02186A7C1985039D00865977 /* PTHYGameplayScene.m */; };
		02186A7F198506B100865977 /* Sprites.atlas in Resources */ = {isa = PBXBuildFile; fileRef = 02186A7E198506B100865977 /* Sprites.atlas */; };
		02186A8219850A8D00865977 /* PTHYMachineNode.m in Sources */ = {isa = PBXBuildFile; fileRef = 02186A8119850A8D00865977 /* PTHYMachineNode.m */; };
		02186A8519850E3700865977 /* PTHYSpaceCatNode.m in Sources */ = {isa = PBXBuildFile; fileRef = 02186A8419850E3700865977 /* PTHYSpaceCatNode.m */; };
		02186A881985171600865977 /* PTHYProjectileNode.m in Sources */ = {isa = PBXBuildFile; fileRef = 02186A871985171600865977 /* PTHYProjectileNode.m */; };
		02186A8C198564F900865977 /* PTHYUtils.m in Sources */ = {isa = PBXBuildFile; fileRef = 02186A8B198564F900865977 /* PTHYUtils.m */; };
/* End PBXBuildFile section */

/* Begin PBXContainerItemProxy section */
		02186A661984E5C800865977 /* PBXContainerItemProxy */ = {
			isa = PBXContainerItemProxy;
			containerPortal = 02186A311984E5C800865977 /* Project object */;
			proxyType = 1;
			remoteGlobalIDString = 02186A381984E5C800865977;
			remoteInfo = "Space Cat";
		};
/* End PBXContainerItemProxy section */

/* Begin PBXFileReference section */
		02186A391984E5C800865977 /* Space Cat.app */ = {isa = PBXFileReference; explicitFileType = wrapper.application; includeInIndex = 0; path = "Space Cat.app"; sourceTree = BUILT_PRODUCTS_DIR; };
		02186A3C1984E5C800865977 /* Foundation.framework */ = {isa = PBXFileReference; lastKnownFileType = wrapper.framework; name = Foundation.framework; path = System/Library/Frameworks/Foundation.framework; sourceTree = SDKROOT; };
		02186A3E1984E5C800865977 /* CoreGraphics.framework */ = {isa = PBXFileReference; lastKnownFileType = wrapper.framework; name = CoreGraphics.framework; path = System/Library/Frameworks/CoreGraphics.framework; sourceTree = SDKROOT; };
		02186A401984E5C800865977 /* UIKit.framework */ = {isa = PBXFileReference; lastKnownFileType = wrapper.framework; name = UIKit.framework; path = System/Library/Frameworks/UIKit.framework; sourceTree = SDKROOT; };
		02186A421984E5C800865977 /* SpriteKit.framework */ = {isa = PBXFileReference; lastKnownFileType = wrapper.framework; name = SpriteKit.framework; path = System/Library/Frameworks/SpriteKit.framework; sourceTree = SDKROOT; };
		02186A461984E5C800865977 /* Space Cat-Info.plist */ = {isa = PBXFileReference; lastKnownFileType = text.plist.xml; path = "Space Cat-Info.plist"; sourceTree = "<group>"; };
		02186A481984E5C800865977 /* en */ = {isa = PBXFileReference; lastKnownFileType = text.plist.strings; name = en; path = en.lproj/InfoPlist.strings; sourceTree = "<group>"; };
		02186A4A1984E5C800865977 /* main.m */ = {isa = PBXFileReference; lastKnownFileType = sourcecode.c.objc; path = main.m; sourceTree = "<group>"; };
		02186A4C1984E5C800865977 /* Space Cat-Prefix.pch */ = {isa = PBXFileReference; lastKnownFileType = sourcecode.c.h; path = "Space Cat-Prefix.pch"; sourceTree = "<group>"; };
		02186A4D1984E5C800865977 /* PTHYAppDelegate.h */ = {isa = PBXFileReference; lastKnownFileType = sourcecode.c.h; path = PTHYAppDelegate.h; sourceTree = "<group>"; };
		02186A4E1984E5C800865977 /* PTHYAppDelegate.m */ = {isa = PBXFileReference; lastKnownFileType = sourcecode.c.objc; path = PTHYAppDelegate.m; sourceTree = "<group>"; };
		02186A511984E5C800865977 /* Base */ = {isa = PBXFileReference; lastKnownFileType = file.storyboard; name = Base; path = Base.lproj/Main.storyboard; sourceTree = "<group>"; };
		02186A531984E5C800865977 /* PTHYViewController.h */ = {isa = PBXFileReference; lastKnownFileType = sourcecode.c.h; path = PTHYViewController.h; sourceTree = "<group>"; };
		02186A541984E5C800865977 /* PTHYViewController.m */ = {isa = PBXFileReference; lastKnownFileType = sourcecode.c.objc; path = PTHYViewController.m; sourceTree = "<group>"; };
		02186A5B1984E5C800865977 /* Images.xcassets */ = {isa = PBXFileReference; lastKnownFileType = folder.assetcatalog; path = Images.xcassets; sourceTree = "<group>"; };
		02186A611984E5C800865977 /* Space CatTests.xctest */ = {isa = PBXFileReference; explicitFileType = wrapper.cfbundle; includeInIndex = 0; path = "Space CatTests.xctest"; sourceTree = BUILT_PRODUCTS_DIR; };
		02186A621984E5C800865977 /* XCTest.framework */ = {isa = PBXFileReference; lastKnownFileType = wrapper.framework; name = XCTest.framework; path = Library/Frameworks/XCTest.framework; sourceTree = DEVELOPER_DIR; };
		02186A6A1984E5C800865977 /* Space CatTests-Info.plist */ = {isa = PBXFileReference; lastKnownFileType = text.plist.xml; path = "Space CatTests-Info.plist"; sourceTree = "<group>"; };
		02186A6C1984E5C800865977 /* en */ = {isa = PBXFileReference; lastKnownFileType = text.plist.strings; name = en; path = en.lproj/InfoPlist.strings; sourceTree = "<group>"; };
		02186A6E1984E5C800865977 /* Space_CatTests.m */ = {isa = PBXFileReference; lastKnownFileType = sourcecode.c.objc; path = Space_CatTests.m; sourceTree = "<group>"; };
		02186A781984F7CF00865977 /* PTHYTitleScene.h */ = {isa = PBXFileReference; fileEncoding = 4; lastKnownFileType = sourcecode.c.h; path = PTHYTitleScene.h; sourceTree = "<group>"; };
		02186A791984F7CF00865977 /* PTHYTitleScene.m */ = {isa = PBXFileReference; fileEncoding = 4; lastKnownFileType = sourcecode.c.objc; path = PTHYTitleScene.m; sourceTree = "<group>"; };
		02186A7B1985039D00865977 /* PTHYGameplayScene.h */ = {isa = PBXFileReference; fileEncoding = 4; lastKnownFileType = sourcecode.c.h; path = PTHYGameplayScene.h; sourceTree = "<group>"; };
		02186A7C1985039D00865977 /* PTHYGameplayScene.m */ = {isa = PBXFileReference; fileEncoding = 4; lastKnownFileType = sourcecode.c.objc; path = PTHYGameplayScene.m; sourceTree = "<group>"; };
		02186A7E198506B100865977 /* Sprites.atlas */ = {isa = PBXFileReference; lastKnownFileType = folder.skatlas; path = Sprites.atlas; sourceTree = "<group>"; };
		02186A8019850A8D00865977 /* PTHYMachineNode.h */ = {isa = PBXFileReference; fileEncoding = 4; lastKnownFileType = sourcecode.c.h; path = PTHYMachineNode.h; sourceTree = "<group>"; };
		02186A8119850A8D00865977 /* PTHYMachineNode.m */ = {isa = PBXFileReference; fileEncoding = 4; lastKnownFileType = sourcecode.c.objc; path = PTHYMachineNode.m; sourceTree = "<group>"; };
		02186A8319850E3700865977 /* PTHYSpaceCatNode.h */ = {isa = PBXFileReference; fileEncoding = 4; lastKnownFileType = sourcecode.c.h; path = PTHYSpaceCatNode.h; sourceTree = "<group>"; };
		02186A8419850E3700865977 /* PTHYSpaceCatNode.m */ = {isa = PBXFileReference; fileEncoding = 4; lastKnownFileType = sourcecode.c.objc; path = PTHYSpaceCatNode.m; sourceTree = "<group>"; };
		02186A861985171600865977 /* PTHYProjectileNode.h */ = {isa = PBXFileReference; fileEncoding = 4; lastKnownFileType = sourcecode.c.h; path = PTHYProjectileNode.h; sourceTree = "<group>"; };
		02186A871985171600865977 /* PTHYProjectileNode.m */ = {isa = PBXFileReference; fileEncoding = 4; lastKnownFileType = sourcecode.c.objc; path = PTHYProjectileNode.m; sourceTree = "<group>"; };
		02186A8A198564F900865977 /* PTHYUtils.h */ = {isa = PBXFileReference; fileEncoding = 4; lastKnownFileType = sourcecode.c.h; path = PTHYUtils.h; sourceTree = "<group>"; };
		02186A8B198564F900865977 /* PTHYUtils.m */ = {isa = PBXFileReference; fileEncoding = 4; lastKnownFileType = sourcecode.c.objc; path = PTHYUtils.m; sourceTree = "<group>"; };
/* End PBXFileReference section */

/* Begin PBXFrameworksBuildPhase section */
		02186A361984E5C800865977 /* Frameworks */ = {
			isa = PBXFrameworksBuildPhase;
			buildActionMask = 2147483647;
			files = (
				02186A3F1984E5C800865977 /* CoreGraphics.framework in Frameworks */,
				02186A411984E5C800865977 /* UIKit.framework in Frameworks */,
				02186A431984E5C800865977 /* SpriteKit.framework in Frameworks */,
				02186A3D1984E5C800865977 /* Foundation.framework in Frameworks */,
			);
			runOnlyForDeploymentPostprocessing = 0;
		};
		02186A5E1984E5C800865977 /* Frameworks */ = {
			isa = PBXFrameworksBuildPhase;
			buildActionMask = 2147483647;
			files = (
				02186A631984E5C800865977 /* XCTest.framework in Frameworks */,
				02186A651984E5C800865977 /* UIKit.framework in Frameworks */,
				02186A641984E5C800865977 /* Foundation.framework in Frameworks */,
			);
			runOnlyForDeploymentPostprocessing = 0;
		};
/* End PBXFrameworksBuildPhase section */

/* Begin PBXGroup section */
		02186A301984E5C800865977 = {
			isa = PBXGroup;
			children = (
				02186A441984E5C800865977 /* Space Cat */,
				02186A681984E5C800865977 /* Space CatTests */,
				02186A3B1984E5C800865977 /* Frameworks */,
				02186A3A1984E5C800865977 /* Products */,
			);
			sourceTree = "<group>";
		};
		02186A3A1984E5C800865977 /* Products */ = {
			isa = PBXGroup;
			children = (
				02186A391984E5C800865977 /* Space Cat.app */,
				02186A611984E5C800865977 /* Space CatTests.xctest */,
			);
			name = Products;
			sourceTree = "<group>";
		};
		02186A3B1984E5C800865977 /* Frameworks */ = {
			isa = PBXGroup;
			children = (
				02186A3C1984E5C800865977 /* Foundation.framework */,
				02186A3E1984E5C800865977 /* CoreGraphics.framework */,
				02186A401984E5C800865977 /* UIKit.framework */,
				02186A421984E5C800865977 /* SpriteKit.framework */,
				02186A621984E5C800865977 /* XCTest.framework */,
			);
			name = Frameworks;
			sourceTree = "<group>";
		};
		02186A441984E5C800865977 /* Space Cat */ = {
			isa = PBXGroup;
			children = (
				02186A7E198506B100865977 /* Sprites.atlas */,
				02186A5B1984E5C800865977 /* Images.xcassets */,
				02186A451984E5C800865977 /* Supporting Files */,
				02186A781984F7CF00865977 /* PTHYTitleScene.h */,
				02186A791984F7CF00865977 /* PTHYTitleScene.m */,
				02186A7B1985039D00865977 /* PTHYGameplayScene.h */,
				02186A7C1985039D00865977 /* PTHYGameplayScene.m */,
				02186A8019850A8D00865977 /* PTHYMachineNode.h */,
				02186A8119850A8D00865977 /* PTHYMachineNode.m */,
				02186A8319850E3700865977 /* PTHYSpaceCatNode.h */,
				02186A8419850E3700865977 /* PTHYSpaceCatNode.m */,
				02186A861985171600865977 /* PTHYProjectileNode.h */,
				02186A871985171600865977 /* PTHYProjectileNode.m */,
				02186A8A198564F900865977 /* PTHYUtils.h */,
				02186A8B198564F900865977 /* PTHYUtils.m */,
			);
			path = "Space Cat";
			sourceTree = "<group>";
		};
		02186A451984E5C800865977 /* Supporting Files */ = {
			isa = PBXGroup;
			children = (
				02186A501984E5C800865977 /* Main.storyboard */,
				02186A531984E5C800865977 /* PTHYViewController.h */,
				02186A541984E5C800865977 /* PTHYViewController.m */,
				02186A4D1984E5C800865977 /* PTHYAppDelegate.h */,
				02186A4E1984E5C800865977 /* PTHYAppDelegate.m */,
				02186A461984E5C800865977 /* Space Cat-Info.plist */,
				02186A471984E5C800865977 /* InfoPlist.strings */,
				02186A4A1984E5C800865977 /* main.m */,
				02186A4C1984E5C800865977 /* Space Cat-Prefix.pch */,
			);
			name = "Supporting Files";
			sourceTree = "<group>";
		};
		02186A681984E5C800865977 /* Space CatTests */ = {
			isa = PBXGroup;
			children = (
				02186A6E1984E5C800865977 /* Space_CatTests.m */,
				02186A691984E5C800865977 /* Supporting Files */,
			);
			path = "Space CatTests";
			sourceTree = "<group>";
		};
		02186A691984E5C800865977 /* Supporting Files */ = {
			isa = PBXGroup;
			children = (
				02186A6A1984E5C800865977 /* Space CatTests-Info.plist */,
				02186A6B1984E5C800865977 /* InfoPlist.strings */,
			);
			name = "Supporting Files";
			sourceTree = "<group>";
		};
/* End PBXGroup section */

/* Begin PBXNativeTarget section */
		02186A381984E5C800865977 /* Space Cat */ = {
			isa = PBXNativeTarget;
			buildConfigurationList = 02186A721984E5C800865977 /* Build configuration list for PBXNativeTarget "Space Cat" */;
			buildPhases = (
				02186A351984E5C800865977 /* Sources */,
				02186A361984E5C800865977 /* Frameworks */,
				02186A371984E5C800865977 /* Resources */,
			);
			buildRules = (
			);
			dependencies = (
			);
			name = "Space Cat";
			productName = "Space Cat";
			productReference = 02186A391984E5C800865977 /* Space Cat.app */;
			productType = "com.apple.product-type.application";
		};
		02186A601984E5C800865977 /* Space CatTests */ = {
			isa = PBXNativeTarget;
			buildConfigurationList = 02186A751984E5C800865977 /* Build configuration list for PBXNativeTarget "Space CatTests" */;
			buildPhases = (
				02186A5D1984E5C800865977 /* Sources */,
				02186A5E1984E5C800865977 /* Frameworks */,
				02186A5F1984E5C800865977 /* Resources */,
			);
			buildRules = (
			);
			dependencies = (
				02186A671984E5C800865977 /* PBXTargetDependency */,
			);
			name = "Space CatTests";
			productName = "Space CatTests";
			productReference = 02186A611984E5C800865977 /* Space CatTests.xctest */;
			productType = "com.apple.product-type.bundle.unit-test";
		};
/* End PBXNativeTarget section */

/* Begin PBXProject section */
		02186A311984E5C800865977 /* Project object */ = {
			isa = PBXProject;
			attributes = {
				CLASSPREFIX = PTHY;
				LastUpgradeCheck = 0510;
				ORGANIZATIONNAME = "Pierre Thalamy";
				TargetAttributes = {
					02186A601984E5C800865977 = {
						TestTargetID = 02186A381984E5C800865977;
					};
				};
			};
			buildConfigurationList = 02186A341984E5C800865977 /* Build configuration list for PBXProject "Space Cat" */;
			compatibilityVersion = "Xcode 3.2";
			developmentRegion = English;
			hasScannedForEncodings = 0;
			knownRegions = (
				en,
				Base,
			);
			mainGroup = 02186A301984E5C800865977;
			productRefGroup = 02186A3A1984E5C800865977 /* Products */;
			projectDirPath = "";
			projectRoot = "";
			targets = (
				02186A381984E5C800865977 /* Space Cat */,
				02186A601984E5C800865977 /* Space CatTests */,
			);
		};
/* End PBXProject section */

/* Begin PBXResourcesBuildPhase section */
		02186A371984E5C800865977 /* Resources */ = {
			isa = PBXResourcesBuildPhase;
			buildActionMask = 2147483647;
			files = (
				02186A491984E5C800865977 /* InfoPlist.strings in Resources */,
				02186A5C1984E5C800865977 /* Images.xcassets in Resources */,
				02186A7F198506B100865977 /* Sprites.atlas in Resources */,
				02186A521984E5C800865977 /* Main.storyboard in Resources */,
			);
			runOnlyForDeploymentPostprocessing = 0;
		};
		02186A5F1984E5C800865977 /* Resources */ = {
			isa = PBXResourcesBuildPhase;
			buildActionMask = 2147483647;
			files = (
				02186A6D1984E5C800865977 /* InfoPlist.strings in Resources */,
			);
			runOnlyForDeploymentPostprocessing = 0;
		};
/* End PBXResourcesBuildPhase section */

/* Begin PBXSourcesBuildPhase section */
		02186A351984E5C800865977 /* Sources */ = {
			isa = PBXSourcesBuildPhase;
			buildActionMask = 2147483647;
			files = (
				02186A551984E5C800865977 /* PTHYViewController.m in Sources */,
				02186A7A1984F7CF00865977 /* PTHYTitleScene.m in Sources */,
				02186A8219850A8D00865977 /* PTHYMachineNode.m in Sources */,
				02186A881985171600865977 /* PTHYProjectileNode.m in Sources */,
				02186A7D1985039D00865977 /* PTHYGameplayScene.m in Sources */,
				02186A8519850E3700865977 /* PTHYSpaceCatNode.m in Sources */,
				02186A4B1984E5C800865977 /* main.m in Sources */,
				02186A4F1984E5C800865977 /* PTHYAppDelegate.m in Sources */,
				02186A8C198564F900865977 /* PTHYUtils.m in Sources */,
			);
			runOnlyForDeploymentPostprocessing = 0;
		};
		02186A5D1984E5C800865977 /* Sources */ = {
			isa = PBXSourcesBuildPhase;
			buildActionMask = 2147483647;
			files = (
				02186A6F1984E5C800865977 /* Space_CatTests.m in Sources */,
			);
			runOnlyForDeploymentPostprocessing = 0;
		};
/* End PBXSourcesBuildPhase section */

/* Begin PBXTargetDependency section */
		02186A671984E5C800865977 /* PBXTargetDependency */ = {
			isa = PBXTargetDependency;
			target = 02186A381984E5C800865977 /* Space Cat */;
			targetProxy = 02186A661984E5C800865977 /* PBXContainerItemProxy */;
		};
/* End PBXTargetDependency section */

/* Begin PBXVariantGroup section */
		02186A471984E5C800865977 /* InfoPlist.strings */ = {
			isa = PBXVariantGroup;
			children = (
				02186A481984E5C800865977 /* en */,
			);
			name = InfoPlist.strings;
			sourceTree = "<group>";
		};
		02186A501984E5C800865977 /* Main.storyboard */ = {
			isa = PBXVariantGroup;
			children = (
				02186A511984E5C800865977 /* Base */,
			);
			name = Main.storyboard;
			sourceTree = "<group>";
		};
		02186A6B1984E5C800865977 /* InfoPlist.strings */ = {
			isa = PBXVariantGroup;
			children = (
				02186A6C1984E5C800865977 /* en */,
			);
			name = InfoPlist.strings;
			sourceTree = "<group>";
		};
/* End PBXVariantGroup section */

/* Begin XCBuildConfiguration section */
		02186A701984E5C800865977 /* Debug */ = {
			isa = XCBuildConfiguration;
			buildSettings = {
				ALWAYS_SEARCH_USER_PATHS = NO;
				CLANG_CXX_LANGUAGE_STANDARD = "gnu++0x";
				CLANG_CXX_LIBRARY = "libc++";
				CLANG_ENABLE_MODULES = YES;
				CLANG_ENABLE_OBJC_ARC = YES;
				CLANG_WARN_BOOL_CONVERSION = YES;
				CLANG_WARN_CONSTANT_CONVERSION = YES;
				CLANG_WARN_DIRECT_OBJC_ISA_USAGE = YES_ERROR;
				CLANG_WARN_EMPTY_BODY = YES;
				CLANG_WARN_ENUM_CONVERSION = YES;
				CLANG_WARN_INT_CONVERSION = YES;
				CLANG_WARN_OBJC_ROOT_CLASS = YES_ERROR;
				CLANG_WARN__DUPLICATE_METHOD_MATCH = YES;
				"CODE_SIGN_IDENTITY[sdk=iphoneos*]" = "iPhone Developer";
				COPY_PHASE_STRIP = NO;
				GCC_C_LANGUAGE_STANDARD = gnu99;
				GCC_DYNAMIC_NO_PIC = NO;
				GCC_OPTIMIZATION_LEVEL = 0;
				GCC_PREPROCESSOR_DEFINITIONS = (
					"DEBUG=1",
					"$(inherited)",
				);
				GCC_SYMBOLS_PRIVATE_EXTERN = NO;
				GCC_WARN_64_TO_32_BIT_CONVERSION = YES;
				GCC_WARN_ABOUT_RETURN_TYPE = YES_ERROR;
				GCC_WARN_UNDECLARED_SELECTOR = YES;
				GCC_WARN_UNINITIALIZED_AUTOS = YES_AGGRESSIVE;
				GCC_WARN_UNUSED_FUNCTION = YES;
				GCC_WARN_UNUSED_VARIABLE = YES;
				IPHONEOS_DEPLOYMENT_TARGET = 7.1;
				ONLY_ACTIVE_ARCH = YES;
				SDKROOT = iphoneos;
			};
			name = Debug;
		};
		02186A711984E5C800865977 /* Release */ = {
			isa = XCBuildConfiguration;
			buildSettings = {
				ALWAYS_SEARCH_USER_PATHS = NO;
				CLANG_CXX_LANGUAGE_STANDARD = "gnu++0x";
				CLANG_CXX_LIBRARY = "libc++";
				CLANG_ENABLE_MODULES = YES;
				CLANG_ENABLE_OBJC_ARC = YES;
				CLANG_WARN_BOOL_CONVERSION = YES;
				CLANG_WARN_CONSTANT_CONVERSION = YES;
				CLANG_WARN_DIRECT_OBJC_ISA_USAGE = YES_ERROR;
				CLANG_WARN_EMPTY_BODY = YES;
				CLANG_WARN_ENUM_CONVERSION = YES;
				CLANG_WARN_INT_CONVERSION = YES;
				CLANG_WARN_OBJC_ROOT_CLASS = YES_ERROR;
				CLANG_WARN__DUPLICATE_METHOD_MATCH = YES;
				"CODE_SIGN_IDENTITY[sdk=iphoneos*]" = "iPhone Developer";
				COPY_PHASE_STRIP = YES;
				ENABLE_NS_ASSERTIONS = NO;
				GCC_C_LANGUAGE_STANDARD = gnu99;
				GCC_WARN_64_TO_32_BIT_CONVERSION = YES;
				GCC_WARN_ABOUT_RETURN_TYPE = YES_ERROR;
				GCC_WARN_UNDECLARED_SELECTOR = YES;
				GCC_WARN_UNINITIALIZED_AUTOS = YES_AGGRESSIVE;
				GCC_WARN_UNUSED_FUNCTION = YES;
				GCC_WARN_UNUSED_VARIABLE = YES;
				IPHONEOS_DEPLOYMENT_TARGET = 7.1;
				SDKROOT = iphoneos;
				VALIDATE_PRODUCT = YES;
			};
			name = Release;
		};
		02186A731984E5C800865977 /* Debug */ = {
			isa = XCBuildConfiguration;
			buildSettings = {
				ASSETCATALOG_COMPILER_APPICON_NAME = AppIcon;
				ASSETCATALOG_COMPILER_LAUNCHIMAGE_NAME = LaunchImage;
				GCC_PRECOMPILE_PREFIX_HEADER = YES;
				GCC_PREFIX_HEADER = "Space Cat/Space Cat-Prefix.pch";
				INFOPLIST_FILE = "Space Cat/Space Cat-Info.plist";
				PRODUCT_NAME = "$(TARGET_NAME)";
				SPRITEKIT_TEXTURE_ATLAS_OUTPUT = YES;
				WRAPPER_EXTENSION = app;
			};
			name = Debug;
		};
		02186A741984E5C800865977 /* Release */ = {
			isa = XCBuildConfiguration;
			buildSettings = {
				ASSETCATALOG_COMPILER_APPICON_NAME = AppIcon;
				ASSETCATALOG_COMPILER_LAUNCHIMAGE_NAME = LaunchImage;
				GCC_PRECOMPILE_PREFIX_HEADER = YES;
				GCC_PREFIX_HEADER = "Space Cat/Space Cat-Prefix.pch";
				INFOPLIST_FILE = "Space Cat/Space Cat-Info.plist";
				PRODUCT_NAME = "$(TARGET_NAME)";
				SPRITEKIT_TEXTURE_ATLAS_OUTPUT = YES;
				WRAPPER_EXTENSION = app;
			};
			name = Release;
		};
		02186A761984E5C800865977 /* Debug */ = {
			isa = XCBuildConfiguration;
			buildSettings = {
				BUNDLE_LOADER = "$(BUILT_PRODUCTS_DIR)/Space Cat.app/Space Cat";
				FRAMEWORK_SEARCH_PATHS = (
					"$(SDKROOT)/Developer/Library/Frameworks",
					"$(inherited)",
					"$(DEVELOPER_FRAMEWORKS_DIR)",
				);
				GCC_PRECOMPILE_PREFIX_HEADER = YES;
				GCC_PREFIX_HEADER = "Space Cat/Space Cat-Prefix.pch";
				GCC_PREPROCESSOR_DEFINITIONS = (
					"DEBUG=1",
					"$(inherited)",
				);
				INFOPLIST_FILE = "Space CatTests/Space CatTests-Info.plist";
				PRODUCT_NAME = "$(TARGET_NAME)";
				TEST_HOST = "$(BUNDLE_LOADER)";
				WRAPPER_EXTENSION = xctest;
			};
			name = Debug;
		};
		02186A771984E5C800865977 /* Release */ = {
			isa = XCBuildConfiguration;
			buildSettings = {
				BUNDLE_LOADER = "$(BUILT_PRODUCTS_DIR)/Space Cat.app/Space Cat";
				FRAMEWORK_SEARCH_PATHS = (
					"$(SDKROOT)/Developer/Library/Frameworks",
					"$(inherited)",
					"$(DEVELOPER_FRAMEWORKS_DIR)",
				);
				GCC_PRECOMPILE_PREFIX_HEADER = YES;
				GCC_PREFIX_HEADER = "Space Cat/Space Cat-Prefix.pch";
				INFOPLIST_FILE = "Space CatTests/Space CatTests-Info.plist";
				PRODUCT_NAME = "$(TARGET_NAME)";
				TEST_HOST = "$(BUNDLE_LOADER)";
				WRAPPER_EXTENSION = xctest;
			};
			name = Release;
		};
/* End XCBuildConfiguration section */

/* Begin XCConfigurationList section */
		02186A341984E5C800865977 /* Build configuration list for PBXProject "Space Cat" */ = {
			isa = XCConfigurationList;
			buildConfigurations = (
				02186A701984E5C800865977 /* Debug */,
				02186A711984E5C800865977 /* Release */,
			);
			defaultConfigurationIsVisible = 0;
			defaultConfigurationName = Release;
		};
		02186A721984E5C800865977 /* Build configuration list for PBXNativeTarget "Space Cat" */ = {
			isa = XCConfigurationList;
			buildConfigurations = (
				02186A731984E5C800865977 /* Debug */,
				02186A741984E5C800865977 /* Release */,
			);
			defaultConfigurationIsVisible = 0;
		};
		02186A751984E5C800865977 /* Build configuration list for PBXNativeTarget "Space CatTests" */ = {
			isa = XCConfigurationList;
			buildConfigurations = (
				02186A761984E5C800865977 /* Debug */,
				02186A771984E5C800865977 /* Release */,
			);
			defaultConfigurationIsVisible = 0;
		};
/* End XCConfigurationList section */
	};
	rootObject = 02186A311984E5C800865977 /* Project object */;
}
